
Microsoft Visual Studio Solution File, Format Version 12.00
# Visual Studio Version 17
VisualStudioVersion = 17.9.34728.123
MinimumVisualStudioVersion = 10.0.40219.1
Project("{FAE04EC0-301F-11D3-BF4B-00C04F79EFBC}") = "TASK1_EF", "TASK1_EF\TASK1_EF.csproj", "{BFD67F62-C6D5-4397-92DA-79FA45C83EFF}"
EndProject
Global
	GlobalSection(SolutionConfigurationPlatforms) = preSolution
		Debug|Any CPU = Debug|Any CPU
		Release|Any CPU = Release|Any CPU
	EndGlobalSection
	GlobalSection(ProjectConfigurationPlatforms) = postSolution
		{BFD67F62-C6D5-4397-92DA-79FA45C83EFF}.Debug|Any CPU.ActiveCfg = Debug|Any CPU
		{BFD67F62-C6D5-4397-92DA-79FA45C83EFF}.Debug|Any CPU.Build.0 = Debug|Any CPU
		{BFD67F62-C6D5-4397-92DA-79FA45C83EFF}.Release|Any CPU.ActiveCfg = Release|Any CPU
		{BFD67F62-C6D5-4397-92DA-79FA45C83EFF}.Release|Any CPU.Build.0 = Release|Any CPU
	EndGlobalSection
	GlobalSection(SolutionProperties) = preSolution
		HideSolutionNode = FALSE
	EndGlobalSection
	GlobalSection(ExtensibilityGlobals) = postSolution
		SolutionGuid = {F3A45DF9-AD47-4C7C-ABCC-0511963DF611}
	EndGlobalSection
EndGlobal
